
Microsoft Visual Studio Solution File, Format Version 12.00
# Visual Studio Version 17
VisualStudioVersion = 17.8.34525.116
MinimumVisualStudioVersion = 10.0.40219.1
Project("{FAE04EC0-301F-11D3-BF4B-00C04F79EFBC}") = "ElbrusTech", "ElbrusTech.csproj", "{AF91F859-D520-4307-B8A5-EA7A9EA1191D}"
EndProject
Global
	GlobalSection(SolutionConfigurationPlatforms) = preSolution
		Debug|Any CPU = Debug|Any CPU
		Release|Any CPU = Release|Any CPU
	EndGlobalSection
	GlobalSection(ProjectConfigurationPlatforms) = postSolution
		{AF91F859-D520-4307-B8A5-EA7A9EA1191D}.Debug|Any CPU.ActiveCfg = Debug|Any CPU
		{AF91F859-D520-4307-B8A5-EA7A9EA1191D}.Debug|Any CPU.Build.0 = Debug|Any CPU
		{AF91F859-D520-4307-B8A5-EA7A9EA1191D}.Release|Any CPU.ActiveCfg = Release|Any CPU
		{AF91F859-D520-4307-B8A5-EA7A9EA1191D}.Release|Any CPU.Build.0 = Release|Any CPU
	EndGlobalSection
	GlobalSection(SolutionProperties) = preSolution
		HideSolutionNode = FALSE
	EndGlobalSection
	GlobalSection(ExtensibilityGlobals) = postSolution
		SolutionGuid = {C742E1BB-B250-476F-96D1-9B407A6A22F4}
	EndGlobalSection
EndGlobal
